// !$*UTF8*$!
{
	archiveVersion = 1;
	classes = {
	};
	objectVersion = 50;
	objects = {

/* Begin PBXBuildFile section */
		E78897982339159E002BD4DA /* Main.storyboard in Resources */ = {isa = PBXBuildFile; fileRef = E78897962339159E002BD4DA /* Main.storyboard */; };
		E788979A2339159F002BD4DA /* Assets.xcassets in Resources */ = {isa = PBXBuildFile; fileRef = E78897992339159F002BD4DA /* Assets.xcassets */; };
		E788979D2339159F002BD4DA /* LaunchScreen.storyboard in Resources */ = {isa = PBXBuildFile; fileRef = E788979B2339159F002BD4DA /* LaunchScreen.storyboard */; };
		E78897A823391650002BD4DA /* AppDelegate.swift in Sources */ = {isa = PBXBuildFile; fileRef = E78897A62339164F002BD4DA /* AppDelegate.swift */; };
		E78897B423391813002BD4DA /* Styles.swift in Sources */ = {isa = PBXBuildFile; fileRef = E78897AA23391813002BD4DA /* Styles.swift */; };
		E78897B523391813002BD4DA /* ColorPalette.swift in Sources */ = {isa = PBXBuildFile; fileRef = E78897AB23391813002BD4DA /* ColorPalette.swift */; };
		E78897B623391813002BD4DA /* Theme.swift in Sources */ = {isa = PBXBuildFile; fileRef = E78897AC23391813002BD4DA /* Theme.swift */; };
		E78897B723391813002BD4DA /* ThemeProvider.swift in Sources */ = {isa = PBXBuildFile; fileRef = E78897AD23391813002BD4DA /* ThemeProvider.swift */; };
		E78897B823391813002BD4DA /* Themeable.swift in Sources */ = {isa = PBXBuildFile; fileRef = E78897AE23391813002BD4DA /* Themeable.swift */; };
		E78897BA23391813002BD4DA /* StyleableNavigationController.swift in Sources */ = {isa = PBXBuildFile; fileRef = E78897B123391813002BD4DA /* StyleableNavigationController.swift */; };
		E78897BB23391813002BD4DA /* MoviesTableViewController.swift in Sources */ = {isa = PBXBuildFile; fileRef = E78897B223391813002BD4DA /* MoviesTableViewController.swift */; };
		E78897BC23391813002BD4DA /* MovieTableViewCell.swift in Sources */ = {isa = PBXBuildFile; fileRef = E78897B323391813002BD4DA /* MovieTableViewCell.swift */; };
		E78897BE2339182D002BD4DA /* SettingsViewController.swift in Sources */ = {isa = PBXBuildFile; fileRef = E78897BD2339182D002BD4DA /* SettingsViewController.swift */; };
		E78897C423391BD8002BD4DA /* TransitionCoordinator.swift in Sources */ = {isa = PBXBuildFile; fileRef = E78897C023391BD8002BD4DA /* TransitionCoordinator.swift */; };
		E78897C523391BD8002BD4DA /* AnimationUtilities.swift in Sources */ = {isa = PBXBuildFile; fileRef = E78897C123391BD8002BD4DA /* AnimationUtilities.swift */; };
		E78897C623391BD8002BD4DA /* PessimisticPanGestureRecognizer.swift in Sources */ = {isa = PBXBuildFile; fileRef = E78897C223391BD8002BD4DA /* PessimisticPanGestureRecognizer.swift */; };
		E78897C723391BD8002BD4DA /* Gagat.swift in Sources */ = {isa = PBXBuildFile; fileRef = E78897C323391BD8002BD4DA /* Gagat.swift */; };
/* End PBXBuildFile section */

/* Begin PBXFileReference section */
		E788978D2339159E002BD4DA /* DarkModeDemo.app */ = {isa = PBXFileReference; explicitFileType = wrapper.application; includeInIndex = 0; path = DarkModeDemo.app; sourceTree = BUILT_PRODUCTS_DIR; };
		E78897972339159E002BD4DA /* Base */ = {isa = PBXFileReference; lastKnownFileType = file.storyboard; name = Base; path = Base.lproj/Main.storyboard; sourceTree = "<group>"; };
		E78897992339159F002BD4DA /* Assets.xcassets */ = {isa = PBXFileReference; lastKnownFileType = folder.assetcatalog; path = Assets.xcassets; sourceTree = "<group>"; };
		E788979C2339159F002BD4DA /* Base */ = {isa = PBXFileReference; lastKnownFileType = file.storyboard; name = Base; path = Base.lproj/LaunchScreen.storyboard; sourceTree = "<group>"; };
		E788979E2339159F002BD4DA /* Info.plist */ = {isa = PBXFileReference; lastKnownFileType = text.plist.xml; path = Info.plist; sourceTree = "<group>"; };
		E78897A62339164F002BD4DA /* AppDelegate.swift */ = {isa = PBXFileReference; fileEncoding = 4; lastKnownFileType = sourcecode.swift; path = AppDelegate.swift; sourceTree = "<group>"; };
		E78897AA23391813002BD4DA /* Styles.swift */ = {isa = PBXFileReference; fileEncoding = 4; lastKnownFileType = sourcecode.swift; path = Styles.swift; sourceTree = "<group>"; };
		E78897AB23391813002BD4DA /* ColorPalette.swift */ = {isa = PBXFileReference; fileEncoding = 4; lastKnownFileType = sourcecode.swift; path = ColorPalette.swift; sourceTree = "<group>"; };
		E78897AC23391813002BD4DA /* Theme.swift */ = {isa = PBXFileReference; fileEncoding = 4; lastKnownFileType = sourcecode.swift; path = Theme.swift; sourceTree = "<group>"; };
		E78897AD23391813002BD4DA /* ThemeProvider.swift */ = {isa = PBXFileReference; fileEncoding = 4; lastKnownFileType = sourcecode.swift; path = ThemeProvider.swift; sourceTree = "<group>"; };
		E78897AE23391813002BD4DA /* Themeable.swift */ = {isa = PBXFileReference; fileEncoding = 4; lastKnownFileType = sourcecode.swift; path = Themeable.swift; sourceTree = "<group>"; };
		E78897B123391813002BD4DA /* StyleableNavigationController.swift */ = {isa = PBXFileReference; fileEncoding = 4; lastKnownFileType = sourcecode.swift; path = StyleableNavigationController.swift; sourceTree = "<group>"; };
		E78897B223391813002BD4DA /* MoviesTableViewController.swift */ = {isa = PBXFileReference; fileEncoding = 4; lastKnownFileType = sourcecode.swift; path = MoviesTableViewController.swift; sourceTree = "<group>"; };
		E78897B323391813002BD4DA /* MovieTableViewCell.swift */ = {isa = PBXFileReference; fileEncoding = 4; lastKnownFileType = sourcecode.swift; path = MovieTableViewCell.swift; sourceTree = "<group>"; };
		E78897BD2339182D002BD4DA /* SettingsViewController.swift */ = {isa = PBXFileReference; fileEncoding = 4; lastKnownFileType = sourcecode.swift; path = SettingsViewController.swift; sourceTree = "<group>"; };
		E78897C023391BD8002BD4DA /* TransitionCoordinator.swift */ = {isa = PBXFileReference; fileEncoding = 4; lastKnownFileType = sourcecode.swift; path = TransitionCoordinator.swift; sourceTree = "<group>"; };
		E78897C123391BD8002BD4DA /* AnimationUtilities.swift */ = {isa = PBXFileReference; fileEncoding = 4; lastKnownFileType = sourcecode.swift; path = AnimationUtilities.swift; sourceTree = "<group>"; };
		E78897C223391BD8002BD4DA /* PessimisticPanGestureRecognizer.swift */ = {isa = PBXFileReference; fileEncoding = 4; lastKnownFileType = sourcecode.swift; path = PessimisticPanGestureRecognizer.swift; sourceTree = "<group>"; };
		E78897C323391BD8002BD4DA /* Gagat.swift */ = {isa = PBXFileReference; fileEncoding = 4; lastKnownFileType = sourcecode.swift; path = Gagat.swift; sourceTree = "<group>"; };
/* End PBXFileReference section */

/* Begin PBXFrameworksBuildPhase section */
		E788978A2339159E002BD4DA /* Frameworks */ = {
			isa = PBXFrameworksBuildPhase;
			buildActionMask = 2147483647;
			files = (
			);
			runOnlyForDeploymentPostprocessing = 0;
		};
/* End PBXFrameworksBuildPhase section */

/* Begin PBXGroup section */
		E78897842339159E002BD4DA = {
			isa = PBXGroup;
			children = (
				E788978F2339159E002BD4DA /* DarkModeDemo */,
				E788978E2339159E002BD4DA /* Products */,
			);
			sourceTree = "<group>";
		};
		E788978E2339159E002BD4DA /* Products */ = {
			isa = PBXGroup;
			children = (
				E788978D2339159E002BD4DA /* DarkModeDemo.app */,
			);
			name = Products;
			sourceTree = "<group>";
		};
		E788978F2339159E002BD4DA /* DarkModeDemo */ = {
			isa = PBXGroup;
			children = (
				E78897A42339164F002BD4DA /* Sources */,
				E78897962339159E002BD4DA /* Main.storyboard */,
				E78897992339159F002BD4DA /* Assets.xcassets */,
				E788979B2339159F002BD4DA /* LaunchScreen.storyboard */,
				E788979E2339159F002BD4DA /* Info.plist */,
			);
			path = DarkModeDemo;
			sourceTree = "<group>";
		};
		E78897A42339164F002BD4DA /* Sources */ = {
			isa = PBXGroup;
			children = (
				E78897AF23391813002BD4DA /* UI */,
				E78897A923391813002BD4DA /* Theme */,
				E78897BF23391BD8002BD4DA /* Gagat */,
				E78897A62339164F002BD4DA /* AppDelegate.swift */,
			);
			path = Sources;
			sourceTree = "<group>";
		};
		E78897A923391813002BD4DA /* Theme */ = {
			isa = PBXGroup;
			children = (
				E78897AA23391813002BD4DA /* Styles.swift */,
				E78897AB23391813002BD4DA /* ColorPalette.swift */,
				E78897AC23391813002BD4DA /* Theme.swift */,
				E78897AD23391813002BD4DA /* ThemeProvider.swift */,
				E78897AE23391813002BD4DA /* Themeable.swift */,
			);
			path = Theme;
			sourceTree = "<group>";
		};
		E78897AF23391813002BD4DA /* UI */ = {
			isa = PBXGroup;
			children = (
				E78897B123391813002BD4DA /* StyleableNavigationController.swift */,
				E78897B223391813002BD4DA /* MoviesTableViewController.swift */,
				E78897BD2339182D002BD4DA /* SettingsViewController.swift */,
				E78897B323391813002BD4DA /* MovieTableViewCell.swift */,
			);
			path = UI;
			sourceTree = "<group>";
		};
		E78897BF23391BD8002BD4DA /* Gagat */ = {
			isa = PBXGroup;
			children = (
				E78897C023391BD8002BD4DA /* TransitionCoordinator.swift */,
				E78897C123391BD8002BD4DA /* AnimationUtilities.swift */,
				E78897C223391BD8002BD4DA /* PessimisticPanGestureRecognizer.swift */,
				E78897C323391BD8002BD4DA /* Gagat.swift */,
			);
			path = Gagat;
			sourceTree = "<group>";
		};
/* End PBXGroup section */

/* Begin PBXNativeTarget section */
		E788978C2339159E002BD4DA /* DarkModeDemo */ = {
			isa = PBXNativeTarget;
			buildConfigurationList = E78897A12339159F002BD4DA /* Build configuration list for PBXNativeTarget "DarkModeDemo" */;
			buildPhases = (
				E78897892339159E002BD4DA /* Sources */,
				E788978A2339159E002BD4DA /* Frameworks */,
				E788978B2339159E002BD4DA /* Resources */,
			);
			buildRules = (
			);
			dependencies = (
			);
			name = DarkModeDemo;
			productName = DarkModeDemo;
			productReference = E788978D2339159E002BD4DA /* DarkModeDemo.app */;
			productType = "com.apple.product-type.application";
		};
/* End PBXNativeTarget section */

/* Begin PBXProject section */
		E78897852339159E002BD4DA /* Project object */ = {
			isa = PBXProject;
			attributes = {
				LastSwiftUpdateCheck = 1100;
				LastUpgradeCheck = 1100;
				ORGANIZATIONNAME = "Maksym Shcheglov";
				TargetAttributes = {
					E788978C2339159E002BD4DA = {
						CreatedOnToolsVersion = 11.0;
					};
				};
			};
			buildConfigurationList = E78897882339159E002BD4DA /* Build configuration list for PBXProject "DarkModeDemo" */;
			compatibilityVersion = "Xcode 9.3";
			developmentRegion = en;
			hasScannedForEncodings = 0;
			knownRegions = (
				en,
				Base,
			);
			mainGroup = E78897842339159E002BD4DA;
			productRefGroup = E788978E2339159E002BD4DA /* Products */;
			projectDirPath = "";
			projectRoot = "";
			targets = (
				E788978C2339159E002BD4DA /* DarkModeDemo */,
			);
		};
/* End PBXProject section */

/* Begin PBXResourcesBuildPhase section */
		E788978B2339159E002BD4DA /* Resources */ = {
			isa = PBXResourcesBuildPhase;
			buildActionMask = 2147483647;
			files = (
				E788979D2339159F002BD4DA /* LaunchScreen.storyboard in Resources */,
				E788979A2339159F002BD4DA /* Assets.xcassets in Resources */,
				E78897982339159E002BD4DA /* Main.storyboard in Resources */,
			);
			runOnlyForDeploymentPostprocessing = 0;
		};
/* End PBXResourcesBuildPhase section */

/* Begin PBXSourcesBuildPhase section */
		E78897892339159E002BD4DA /* Sources */ = {
			isa = PBXSourcesBuildPhase;
			buildActionMask = 2147483647;
			files = (
				E78897BC23391813002BD4DA /* MovieTableViewCell.swift in Sources */,
				E78897A823391650002BD4DA /* AppDelegate.swift in Sources */,
				E78897BE2339182D002BD4DA /* SettingsViewController.swift in Sources */,
				E78897C623391BD8002BD4DA /* PessimisticPanGestureRecognizer.swift in Sources */,
				E78897C523391BD8002BD4DA /* AnimationUtilities.swift in Sources */,
				E78897B623391813002BD4DA /* Theme.swift in Sources */,
				E78897C723391BD8002BD4DA /* Gagat.swift in Sources */,
				E78897C423391BD8002BD4DA /* TransitionCoordinator.swift in Sources */,
				E78897B423391813002BD4DA /* Styles.swift in Sources */,
				E78897B523391813002BD4DA /* ColorPalette.swift in Sources */,
				E78897B723391813002BD4DA /* ThemeProvider.swift in Sources */,
				E78897BB23391813002BD4DA /* MoviesTableViewController.swift in Sources */,
				E78897B823391813002BD4DA /* Themeable.swift in Sources */,
				E78897BA23391813002BD4DA /* StyleableNavigationController.swift in Sources */,
			);
			runOnlyForDeploymentPostprocessing = 0;
		};
/* End PBXSourcesBuildPhase section */

/* Begin PBXVariantGroup section */
		E78897962339159E002BD4DA /* Main.storyboard */ = {
			isa = PBXVariantGroup;
			children = (
				E78897972339159E002BD4DA /* Base */,
			);
			name = Main.storyboard;
			sourceTree = "<group>";
		};
		E788979B2339159F002BD4DA /* LaunchScreen.storyboard */ = {
			isa = PBXVariantGroup;
			children = (
				E788979C2339159F002BD4DA /* Base */,
			);
			name = LaunchScreen.storyboard;
			sourceTree = "<group>";
		};
/* End PBXVariantGroup section */

/* Begin XCBuildConfiguration section */
		E788979F2339159F002BD4DA /* Debug */ = {
			isa = XCBuildConfiguration;
			buildSettings = {
				ALWAYS_SEARCH_USER_PATHS = NO;
				CLANG_ANALYZER_NONNULL = YES;
				CLANG_ANALYZER_NUMBER_OBJECT_CONVERSION = YES_AGGRESSIVE;
				CLANG_CXX_LANGUAGE_STANDARD = "gnu++14";
				CLANG_CXX_LIBRARY = "libc++";
				CLANG_ENABLE_MODULES = YES;
				CLANG_ENABLE_OBJC_ARC = YES;
				CLANG_ENABLE_OBJC_WEAK = YES;
				CLANG_WARN_BLOCK_CAPTURE_AUTORELEASING = YES;
				CLANG_WARN_BOOL_CONVERSION = YES;
				CLANG_WARN_COMMA = YES;
				CLANG_WARN_CONSTANT_CONVERSION = YES;
				CLANG_WARN_DEPRECATED_OBJC_IMPLEMENTATIONS = YES;
				CLANG_WARN_DIRECT_OBJC_ISA_USAGE = YES_ERROR;
				CLANG_WARN_DOCUMENTATION_COMMENTS = YES;
				CLANG_WARN_EMPTY_BODY = YES;
				CLANG_WARN_ENUM_CONVERSION = YES;
				CLANG_WARN_INFINITE_RECURSION = YES;
				CLANG_WARN_INT_CONVERSION = YES;
				CLANG_WARN_NON_LITERAL_NULL_CONVERSION = YES;
				CLANG_WARN_OBJC_IMPLICIT_RETAIN_SELF = YES;
				CLANG_WARN_OBJC_LITERAL_CONVERSION = YES;
				CLANG_WARN_OBJC_ROOT_CLASS = YES_ERROR;
				CLANG_WARN_RANGE_LOOP_ANALYSIS = YES;
				CLANG_WARN_STRICT_PROTOTYPES = YES;
				CLANG_WARN_SUSPICIOUS_MOVE = YES;
				CLANG_WARN_UNGUARDED_AVAILABILITY = YES_AGGRESSIVE;
				CLANG_WARN_UNREACHABLE_CODE = YES;
				CLANG_WARN__DUPLICATE_METHOD_MATCH = YES;
				COPY_PHASE_STRIP = NO;
				DEBUG_INFORMATION_FORMAT = dwarf;
				ENABLE_STRICT_OBJC_MSGSEND = YES;
				ENABLE_TESTABILITY = YES;
				GCC_C_LANGUAGE_STANDARD = gnu11;
				GCC_DYNAMIC_NO_PIC = NO;
				GCC_NO_COMMON_BLOCKS = YES;
				GCC_OPTIMIZATION_LEVEL = 0;
				GCC_PREPROCESSOR_DEFINITIONS = (
					"DEBUG=1",
					"$(inherited)",
				);
				GCC_WARN_64_TO_32_BIT_CONVERSION = YES;
				GCC_WARN_ABOUT_RETURN_TYPE = YES_ERROR;
				GCC_WARN_UNDECLARED_SELECTOR = YES;
				GCC_WARN_UNINITIALIZED_AUTOS = YES_AGGRESSIVE;
				GCC_WARN_UNUSED_FUNCTION = YES;
				GCC_WARN_UNUSED_VARIABLE = YES;
				IPHONEOS_DEPLOYMENT_TARGET = 13.0;
				MTL_ENABLE_DEBUG_INFO = INCLUDE_SOURCE;
				MTL_FAST_MATH = YES;
				ONLY_ACTIVE_ARCH = YES;
				SDKROOT = iphoneos;
				SWIFT_ACTIVE_COMPILATION_CONDITIONS = DEBUG;
				SWIFT_OPTIMIZATION_LEVEL = "-Onone";
			};
			name = Debug;
		};
		E78897A02339159F002BD4DA /* Release */ = {
			isa = XCBuildConfiguration;
			buildSettings = {
				ALWAYS_SEARCH_USER_PATHS = NO;
				CLANG_ANALYZER_NONNULL = YES;
				CLANG_ANALYZER_NUMBER_OBJECT_CONVERSION = YES_AGGRESSIVE;
				CLANG_CXX_LANGUAGE_STANDARD = "gnu++14";
				CLANG_CXX_LIBRARY = "libc++";
				CLANG_ENABLE_MODULES = YES;
				CLANG_ENABLE_OBJC_ARC = YES;
				CLANG_ENABLE_OBJC_WEAK = YES;
				CLANG_WARN_BLOCK_CAPTURE_AUTORELEASING = YES;
				CLANG_WARN_BOOL_CONVERSION = YES;
				CLANG_WARN_COMMA = YES;
				CLANG_WARN_CONSTANT_CONVERSION = YES;
				CLANG_WARN_DEPRECATED_OBJC_IMPLEMENTATIONS = YES;
				CLANG_WARN_DIRECT_OBJC_ISA_USAGE = YES_ERROR;
				CLANG_WARN_DOCUMENTATION_COMMENTS = YES;
				CLANG_WARN_EMPTY_BODY = YES;
				CLANG_WARN_ENUM_CONVERSION = YES;
				CLANG_WARN_INFINITE_RECURSION = YES;
				CLANG_WARN_INT_CONVERSION = YES;
				CLANG_WARN_NON_LITERAL_NULL_CONVERSION = YES;
				CLANG_WARN_OBJC_IMPLICIT_RETAIN_SELF = YES;
				CLANG_WARN_OBJC_LITERAL_CONVERSION = YES;
				CLANG_WARN_OBJC_ROOT_CLASS = YES_ERROR;
				CLANG_WARN_RANGE_LOOP_ANALYSIS = YES;
				CLANG_WARN_STRICT_PROTOTYPES = YES;
				CLANG_WARN_SUSPICIOUS_MOVE = YES;
				CLANG_WARN_UNGUARDED_AVAILABILITY = YES_AGGRESSIVE;
				CLANG_WARN_UNREACHABLE_CODE = YES;
				CLANG_WARN__DUPLICATE_METHOD_MATCH = YES;
				COPY_PHASE_STRIP = NO;
				DEBUG_INFORMATION_FORMAT = "dwarf-with-dsym";
				ENABLE_NS_ASSERTIONS = NO;
				ENABLE_STRICT_OBJC_MSGSEND = YES;
				GCC_C_LANGUAGE_STANDARD = gnu11;
				GCC_NO_COMMON_BLOCKS = YES;
				GCC_WARN_64_TO_32_BIT_CONVERSION = YES;
				GCC_WARN_ABOUT_RETURN_TYPE = YES_ERROR;
				GCC_WARN_UNDECLARED_SELECTOR = YES;
				GCC_WARN_UNINITIALIZED_AUTOS = YES_AGGRESSIVE;
				GCC_WARN_UNUSED_FUNCTION = YES;
				GCC_WARN_UNUSED_VARIABLE = YES;
				IPHONEOS_DEPLOYMENT_TARGET = 13.0;
				MTL_ENABLE_DEBUG_INFO = NO;
				MTL_FAST_MATH = YES;
				SDKROOT = iphoneos;
				SWIFT_COMPILATION_MODE = wholemodule;
				SWIFT_OPTIMIZATION_LEVEL = "-O";
				VALIDATE_PRODUCT = YES;
			};
			name = Release;
		};
		E78897A22339159F002BD4DA /* Debug */ = {
			isa = XCBuildConfiguration;
			buildSettings = {
				ASSETCATALOG_COMPILER_APPICON_NAME = AppIcon;
				CODE_SIGN_STYLE = Automatic;
				INFOPLIST_FILE = DarkModeDemo/Info.plist;
				IPHONEOS_DEPLOYMENT_TARGET = 11.0;
				LD_RUNPATH_SEARCH_PATHS = (
					"$(inherited)",
					"@executable_path/Frameworks",
				);
				PRODUCT_BUNDLE_IDENTIFIER = com.sgl0v.DarkModeDemo;
				PRODUCT_NAME = "$(TARGET_NAME)";
				SWIFT_VERSION = 5.0;
				TARGETED_DEVICE_FAMILY = "1,2";
			};
			name = Debug;
		};
		E78897A32339159F002BD4DA /* Release */ = {
			isa = XCBuildConfiguration;
			buildSettings = {
				ASSETCATALOG_COMPILER_APPICON_NAME = AppIcon;
				CODE_SIGN_STYLE = Automatic;
				INFOPLIST_FILE = DarkModeDemo/Info.plist;
				IPHONEOS_DEPLOYMENT_TARGET = 11.0;
				LD_RUNPATH_SEARCH_PATHS = (
					"$(inherited)",
					"@executable_path/Frameworks",
				);
				PRODUCT_BUNDLE_IDENTIFIER = com.sgl0v.DarkModeDemo;
				PRODUCT_NAME = "$(TARGET_NAME)";
				SWIFT_VERSION = 5.0;
				TARGETED_DEVICE_FAMILY = "1,2";
			};
			name = Release;
		};
/* End XCBuildConfiguration section */

/* Begin XCConfigurationList section */
		E78897882339159E002BD4DA /* Build configuration list for PBXProject "DarkModeDemo" */ = {
			isa = XCConfigurationList;
			buildConfigurations = (
				E788979F2339159F002BD4DA /* Debug */,
				E78897A02339159F002BD4DA /* Release */,
			);
			defaultConfigurationIsVisible = 0;
			defaultConfigurationName = Release;
		};
		E78897A12339159F002BD4DA /* Build configuration list for PBXNativeTarget "DarkModeDemo" */ = {
			isa = XCConfigurationList;
			buildConfigurations = (
				E78897A22339159F002BD4DA /* Debug */,
				E78897A32339159F002BD4DA /* Release */,
			);
			defaultConfigurationIsVisible = 0;
			defaultConfigurationName = Release;
		};
/* End XCConfigurationList section */
	};
	rootObject = E78897852339159E002BD4DA /* Project object */;
}
